
Microsoft Visual Studio Solution File, Format Version 12.00
# Visual Studio Version 17
VisualStudioVersion = 17.10.34928.147
MinimumVisualStudioVersion = 10.0.40219.1
Project("{F2A71F9B-5D33-465A-A702-920D77279786}") = "AnalizadorDeTexto", "AnalizadorDeTexto.fsproj", "{9BFDEECE-92E2-4063-A8DF-65A3513AD0D0}"
EndProject
Global
	GlobalSection(SolutionConfigurationPlatforms) = preSolution
		Debug|Any CPU = Debug|Any CPU
		Release|Any CPU = Release|Any CPU
	EndGlobalSection
	GlobalSection(ProjectConfigurationPlatforms) = postSolution
		{9BFDEECE-92E2-4063-A8DF-65A3513AD0D0}.Debug|Any CPU.ActiveCfg = Debug|Any CPU
		{9BFDEECE-92E2-4063-A8DF-65A3513AD0D0}.Debug|Any CPU.Build.0 = Debug|Any CPU
		{9BFDEECE-92E2-4063-A8DF-65A3513AD0D0}.Release|Any CPU.ActiveCfg = Release|Any CPU
		{9BFDEECE-92E2-4063-A8DF-65A3513AD0D0}.Release|Any CPU.Build.0 = Release|Any CPU
	EndGlobalSection
	GlobalSection(SolutionProperties) = preSolution
		HideSolutionNode = FALSE
	EndGlobalSection
	GlobalSection(ExtensibilityGlobals) = postSolution
		SolutionGuid = {0FC264E5-C898-4FE5-B420-0B39874655F3}
	EndGlobalSection
EndGlobal
